
Microsoft Visual Studio Solution File, Format Version 12.00
# Visual Studio 2012
Project("{9092AA53-FB77-4645-B42D-1CCCA6BD08BD}") = "angular-static", "angular-static.njsproj", "{4F59A3D6-F8FD-4249-84B8-EAD6AE51E899}"
EndProject
Global
	GlobalSection(SolutionConfigurationPlatforms) = preSolution
		Debug|Any CPU = Debug|Any CPU
		Release|Any CPU = Release|Any CPU
	EndGlobalSection
	GlobalSection(ProjectConfigurationPlatforms) = postSolution
		{4F59A3D6-F8FD-4249-84B8-EAD6AE51E899}.Debug|Any CPU.ActiveCfg = Debug|Any CPU
		{4F59A3D6-F8FD-4249-84B8-EAD6AE51E899}.Debug|Any CPU.Build.0 = Debug|Any CPU
		{4F59A3D6-F8FD-4249-84B8-EAD6AE51E899}.Release|Any CPU.ActiveCfg = Release|Any CPU
		{4F59A3D6-F8FD-4249-84B8-EAD6AE51E899}.Release|Any CPU.Build.0 = Release|Any CPU
	EndGlobalSection
	GlobalSection(SolutionProperties) = preSolution
		HideSolutionNode = FALSE
	EndGlobalSection
EndGlobal
